
Microsoft Visual Studio Solution File, Format Version 12.00
# Visual Studio Version 17
VisualStudioVersion = 17.0.31903.59
MinimumVisualStudioVersion = 10.0.40219.1
Project("{2150E333-8FDC-42A3-9474-1A3956D46DE8}") = "src", "src", "{827E0CD3-B72D-47B6-A68D-7590B98EB39B}"
EndProject
Project("{FAE04EC0-301F-11D3-BF4B-00C04F79EFBC}") = "FleetFlow.Domain", "src\FleetFlow.Domain\FleetFlow.Domain.csproj", "{BAD2926C-BA4C-4072-B6D5-BBFF8291EDE0}"
EndProject
Project("{FAE04EC0-301F-11D3-BF4B-00C04F79EFBC}") = "FleetFlow.Application", "src\FleetFlow.Application\FleetFlow.Application.csproj", "{6C9D8F21-E588-47EB-BAD0-7B02DB1D0C14}"
EndProject
Project("{FAE04EC0-301F-11D3-BF4B-00C04F79EFBC}") = "FleetFlow.Infrastructure", "src\FleetFlow.Infrastructure\FleetFlow.Infrastructure.csproj", "{DC8235AF-6E32-4FF1-9E8B-7E29EE8700C6}"
EndProject
Project("{FAE04EC0-301F-11D3-BF4B-00C04F79EFBC}") = "FleetFlow.Api", "src\FleetFlow.Api\FleetFlow.Api.csproj", "{A47BB43F-D3B2-4EEC-830F-02DEB40D055C}"
EndProject
Global
	GlobalSection(SolutionConfigurationPlatforms) = preSolution
		Debug|Any CPU = Debug|Any CPU
		Debug|x64 = Debug|x64
		Debug|x86 = Debug|x86
		Release|Any CPU = Release|Any CPU
		Release|x64 = Release|x64
		Release|x86 = Release|x86
	EndGlobalSection
	GlobalSection(ProjectConfigurationPlatforms) = postSolution
		{BAD2926C-BA4C-4072-B6D5-BBFF8291EDE0}.Debug|Any CPU.ActiveCfg = Debug|Any CPU
		{BAD2926C-BA4C-4072-B6D5-BBFF8291EDE0}.Debug|Any CPU.Build.0 = Debug|Any CPU
		{BAD2926C-BA4C-4072-B6D5-BBFF8291EDE0}.Debug|x64.ActiveCfg = Debug|Any CPU
		{BAD2926C-BA4C-4072-B6D5-BBFF8291EDE0}.Debug|x64.Build.0 = Debug|Any CPU
		{BAD2926C-BA4C-4072-B6D5-BBFF8291EDE0}.Debug|x86.ActiveCfg = Debug|Any CPU
		{BAD2926C-BA4C-4072-B6D5-BBFF8291EDE0}.Debug|x86.Build.0 = Debug|Any CPU
		{BAD2926C-BA4C-4072-B6D5-BBFF8291EDE0}.Release|Any CPU.ActiveCfg = Release|Any CPU
		{BAD2926C-BA4C-4072-B6D5-BBFF8291EDE0}.Release|Any CPU.Build.0 = Release|Any CPU
		{BAD2926C-BA4C-4072-B6D5-BBFF8291EDE0}.Release|x64.ActiveCfg = Release|Any CPU
		{BAD2926C-BA4C-4072-B6D5-BBFF8291EDE0}.Release|x64.Build.0 = Release|Any CPU
		{BAD2926C-BA4C-4072-B6D5-BBFF8291EDE0}.Release|x86.ActiveCfg = Release|Any CPU
		{BAD2926C-BA4C-4072-B6D5-BBFF8291EDE0}.Release|x86.Build.0 = Release|Any CPU
		{6C9D8F21-E588-47EB-BAD0-7B02DB1D0C14}.Debug|Any CPU.ActiveCfg = Debug|Any CPU
		{6C9D8F21-E588-47EB-BAD0-7B02DB1D0C14}.Debug|Any CPU.Build.0 = Debug|Any CPU
		{6C9D8F21-E588-47EB-BAD0-7B02DB1D0C14}.Debug|x64.ActiveCfg = Debug|Any CPU
		{6C9D8F21-E588-47EB-BAD0-7B02DB1D0C14}.Debug|x64.Build.0 = Debug|Any CPU
		{6C9D8F21-E588-47EB-BAD0-7B02DB1D0C14}.Debug|x86.ActiveCfg = Debug|Any CPU
		{6C9D8F21-E588-47EB-BAD0-7B02DB1D0C14}.Debug|x86.Build.0 = Debug|Any CPU
		{6C9D8F21-E588-47EB-BAD0-7B02DB1D0C14}.Release|Any CPU.ActiveCfg = Release|Any CPU
		{6C9D8F21-E588-47EB-BAD0-7B02DB1D0C14}.Release|Any CPU.Build.0 = Release|Any CPU
		{6C9D8F21-E588-47EB-BAD0-7B02DB1D0C14}.Release|x64.ActiveCfg = Release|Any CPU
		{6C9D8F21-E588-47EB-BAD0-7B02DB1D0C14}.Release|x64.Build.0 = Release|Any CPU
		{6C9D8F21-E588-47EB-BAD0-7B02DB1D0C14}.Release|x86.ActiveCfg = Release|Any CPU
		{6C9D8F21-E588-47EB-BAD0-7B02DB1D0C14}.Release|x86.Build.0 = Release|Any CPU
		{DC8235AF-6E32-4FF1-9E8B-7E29EE8700C6}.Debug|Any CPU.ActiveCfg = Debug|Any CPU
		{DC8235AF-6E32-4FF1-9E8B-7E29EE8700C6}.Debug|Any CPU.Build.0 = Debug|Any CPU
		{DC8235AF-6E32-4FF1-9E8B-7E29EE8700C6}.Debug|x64.ActiveCfg = Debug|Any CPU
		{DC8235AF-6E32-4FF1-9E8B-7E29EE8700C6}.Debug|x64.Build.0 = Debug|Any CPU
		{DC8235AF-6E32-4FF1-9E8B-7E29EE8700C6}.Debug|x86.ActiveCfg = Debug|Any CPU
		{DC8235AF-6E32-4FF1-9E8B-7E29EE8700C6}.Debug|x86.Build.0 = Debug|Any CPU
		{DC8235AF-6E32-4FF1-9E8B-7E29EE8700C6}.Release|Any CPU.ActiveCfg = Release|Any CPU
		{DC8235AF-6E32-4FF1-9E8B-7E29EE8700C6}.Release|Any CPU.Build.0 = Release|Any CPU
		{DC8235AF-6E32-4FF1-9E8B-7E29EE8700C6}.Release|x64.ActiveCfg = Release|Any CPU
		{DC8235AF-6E32-4FF1-9E8B-7E29EE8700C6}.Release|x64.Build.0 = Release|Any CPU
		{DC8235AF-6E32-4FF1-9E8B-7E29EE8700C6}.Release|x86.ActiveCfg = Release|Any CPU
		{DC8235AF-6E32-4FF1-9E8B-7E29EE8700C6}.Release|x86.Build.0 = Release|Any CPU
		{A47BB43F-D3B2-4EEC-830F-02DEB40D055C}.Debug|Any CPU.ActiveCfg = Debug|Any CPU
		{A47BB43F-D3B2-4EEC-830F-02DEB40D055C}.Debug|Any CPU.Build.0 = Debug|Any CPU
		{A47BB43F-D3B2-4EEC-830F-02DEB40D055C}.Debug|x64.ActiveCfg = Debug|Any CPU
		{A47BB43F-D3B2-4EEC-830F-02DEB40D055C}.Debug|x64.Build.0 = Debug|Any CPU
		{A47BB43F-D3B2-4EEC-830F-02DEB40D055C}.Debug|x86.ActiveCfg = Debug|Any CPU
		{A47BB43F-D3B2-4EEC-830F-02DEB40D055C}.Debug|x86.Build.0 = Debug|Any CPU
		{A47BB43F-D3B2-4EEC-830F-02DEB40D055C}.Release|Any CPU.ActiveCfg = Release|Any CPU
		{A47BB43F-D3B2-4EEC-830F-02DEB40D055C}.Release|Any CPU.Build.0 = Release|Any CPU
		{A47BB43F-D3B2-4EEC-830F-02DEB40D055C}.Release|x64.ActiveCfg = Release|Any CPU
		{A47BB43F-D3B2-4EEC-830F-02DEB40D055C}.Release|x64.Build.0 = Release|Any CPU
		{A47BB43F-D3B2-4EEC-830F-02DEB40D055C}.Release|x86.ActiveCfg = Release|Any CPU
		{A47BB43F-D3B2-4EEC-830F-02DEB40D055C}.Release|x86.Build.0 = Release|Any CPU
	EndGlobalSection
	GlobalSection(SolutionProperties) = preSolution
		HideSolutionNode = FALSE
	EndGlobalSection
	GlobalSection(NestedProjects) = preSolution
		{BAD2926C-BA4C-4072-B6D5-BBFF8291EDE0} = {827E0CD3-B72D-47B6-A68D-7590B98EB39B}
		{6C9D8F21-E588-47EB-BAD0-7B02DB1D0C14} = {827E0CD3-B72D-47B6-A68D-7590B98EB39B}
		{DC8235AF-6E32-4FF1-9E8B-7E29EE8700C6} = {827E0CD3-B72D-47B6-A68D-7590B98EB39B}
		{A47BB43F-D3B2-4EEC-830F-02DEB40D055C} = {827E0CD3-B72D-47B6-A68D-7590B98EB39B}
	EndGlobalSection
EndGlobal
