
Microsoft Visual Studio Solution File, Format Version 12.00
# Visual Studio Version 17
VisualStudioVersion = 17.0.31903.59
MinimumVisualStudioVersion = 10.0.40219.1
Project("{2150E333-8FDC-42A3-9474-1A3956D46DE8}") = "src", "src", "{827E0CD3-B72D-47B6-A68D-7590B98EB39B}"
EndProject
Project("{FAE04EC0-301F-11D3-BF4B-00C04F79EFBC}") = "FleetFlow.Domain", "src\FleetFlow.Domain\FleetFlow.Domain.csproj", "{BAD2926C-BA4C-4072-B6D5-BBFF8291EDE0}"
EndProject
Project("{FAE04EC0-301F-11D3-BF4B-00C04F79EFBC}") = "FleetFlow.Application", "src\FleetFlow.Application\FleetFlow.Application.csproj", "{6C9D8F21-E588-47EB-BAD0-7B02DB1D0C14}"
EndProject
Project("{FAE04EC0-301F-11D3-BF4B-00C04F79EFBC}") = "FleetFlow.Infrastructure", "src\FleetFlow.Infrastructure\FleetFlow.Infrastructure.csproj", "{DC8235AF-6E32-4FF1-9E8B-7E29EE8700C6}"
EndProject
Project("{FAE04EC0-301F-11D3-BF4B-00C04F79EFBC}") = "FleetFlow.Api", "src\FleetFlow.Api\FleetFlow.Api.csproj", "{A47BB43F-D3B2-4EEC-830F-02DEB40D055C}"
EndProject
Project("{2150E333-8FDC-42A3-9474-1A3956D46DE8}") = "Solution Items", "Solution Items", "{8EC462FD-D22E-90A8-E5CE-7E832BA40C5D}"
	ProjectSection(SolutionItems) = preProject
		.dockerignore = .dockerignore
		.gitignore = .gitignore
		docker-compose.yml = docker-compose.yml
		README.md = README.md
	EndProjectSection
EndProject
Project("{2150E333-8FDC-42A3-9474-1A3956D46DE8}") = "tests", "tests", "{0AB3BF05-4346-4AA6-1389-037BE0695223}"
EndProject
Project("{FAE04EC0-301F-11D3-BF4B-00C04F79EFBC}") = "FleetFlow.Tests.Unit", "tests\FleetFlow.Tests.Unit\FleetFlow.Tests.Unit.csproj", "{86D0FC63-8527-4693-B8C0-B6B98A48BFA8}"
EndProject
Project("{FAE04EC0-301F-11D3-BF4B-00C04F79EFBC}") = "FleetFlow.Tests.Integration", "tests\FleetFlow.Tests.Integration\FleetFlow.Tests.Integration.csproj", "{66C4D647-FBE7-473A-B01C-9E38997107CE}"
EndProject
Global
	GlobalSection(SolutionConfigurationPlatforms) = preSolution
		Debug|Any CPU = Debug|Any CPU
		Debug|x64 = Debug|x64
		Debug|x86 = Debug|x86
		Release|Any CPU = Release|Any CPU
		Release|x64 = Release|x64
		Release|x86 = Release|x86
	EndGlobalSection
	GlobalSection(ProjectConfigurationPlatforms) = postSolution
		{BAD2926C-BA4C-4072-B6D5-BBFF8291EDE0}.Debug|Any CPU.ActiveCfg = Debug|Any CPU
		{BAD2926C-BA4C-4072-B6D5-BBFF8291EDE0}.Debug|Any CPU.Build.0 = Debug|Any CPU
		{BAD2926C-BA4C-4072-B6D5-BBFF8291EDE0}.Debug|x64.ActiveCfg = Debug|Any CPU
		{BAD2926C-BA4C-4072-B6D5-BBFF8291EDE0}.Debug|x64.Build.0 = Debug|Any CPU
		{BAD2926C-BA4C-4072-B6D5-BBFF8291EDE0}.Debug|x86.ActiveCfg = Debug|Any CPU
		{BAD2926C-BA4C-4072-B6D5-BBFF8291EDE0}.Debug|x86.Build.0 = Debug|Any CPU
		{BAD2926C-BA4C-4072-B6D5-BBFF8291EDE0}.Release|Any CPU.ActiveCfg = Release|Any CPU
		{BAD2926C-BA4C-4072-B6D5-BBFF8291EDE0}.Release|Any CPU.Build.0 = Release|Any CPU
		{BAD2926C-BA4C-4072-B6D5-BBFF8291EDE0}.Release|x64.ActiveCfg = Release|Any CPU
		{BAD2926C-BA4C-4072-B6D5-BBFF8291EDE0}.Release|x64.Build.0 = Release|Any CPU
		{BAD2926C-BA4C-4072-B6D5-BBFF8291EDE0}.Release|x86.ActiveCfg = Release|Any CPU
		{BAD2926C-BA4C-4072-B6D5-BBFF8291EDE0}.Release|x86.Build.0 = Release|Any CPU
		{6C9D8F21-E588-47EB-BAD0-7B02DB1D0C14}.Debug|Any CPU.ActiveCfg = Debug|Any CPU
		{6C9D8F21-E588-47EB-BAD0-7B02DB1D0C14}.Debug|Any CPU.Build.0 = Debug|Any CPU
		{6C9D8F21-E588-47EB-BAD0-7B02DB1D0C14}.Debug|x64.ActiveCfg = Debug|Any CPU
		{6C9D8F21-E588-47EB-BAD0-7B02DB1D0C14}.Debug|x64.Build.0 = Debug|Any CPU
		{6C9D8F21-E588-47EB-BAD0-7B02DB1D0C14}.Debug|x86.ActiveCfg = Debug|Any CPU
		{6C9D8F21-E588-47EB-BAD0-7B02DB1D0C14}.Debug|x86.Build.0 = Debug|Any CPU
		{6C9D8F21-E588-47EB-BAD0-7B02DB1D0C14}.Release|Any CPU.ActiveCfg = Release|Any CPU
		{6C9D8F21-E588-47EB-BAD0-7B02DB1D0C14}.Release|Any CPU.Build.0 = Release|Any CPU
		{6C9D8F21-E588-47EB-BAD0-7B02DB1D0C14}.Release|x64.ActiveCfg = Release|Any CPU
		{6C9D8F21-E588-47EB-BAD0-7B02DB1D0C14}.Release|x64.Build.0 = Release|Any CPU
		{6C9D8F21-E588-47EB-BAD0-7B02DB1D0C14}.Release|x86.ActiveCfg = Release|Any CPU
		{6C9D8F21-E588-47EB-BAD0-7B02DB1D0C14}.Release|x86.Build.0 = Release|Any CPU
		{DC8235AF-6E32-4FF1-9E8B-7E29EE8700C6}.Debug|Any CPU.ActiveCfg = Debug|Any CPU
		{DC8235AF-6E32-4FF1-9E8B-7E29EE8700C6}.Debug|Any CPU.Build.0 = Debug|Any CPU
		{DC8235AF-6E32-4FF1-9E8B-7E29EE8700C6}.Debug|x64.ActiveCfg = Debug|Any CPU
		{DC8235AF-6E32-4FF1-9E8B-7E29EE8700C6}.Debug|x64.Build.0 = Debug|Any CPU
		{DC8235AF-6E32-4FF1-9E8B-7E29EE8700C6}.Debug|x86.ActiveCfg = Debug|Any CPU
		{DC8235AF-6E32-4FF1-9E8B-7E29EE8700C6}.Debug|x86.Build.0 = Debug|Any CPU
		{DC8235AF-6E32-4FF1-9E8B-7E29EE8700C6}.Release|Any CPU.ActiveCfg = Release|Any CPU
		{DC8235AF-6E32-4FF1-9E8B-7E29EE8700C6}.Release|Any CPU.Build.0 = Release|Any CPU
		{DC8235AF-6E32-4FF1-9E8B-7E29EE8700C6}.Release|x64.ActiveCfg = Release|Any CPU
		{DC8235AF-6E32-4FF1-9E8B-7E29EE8700C6}.Release|x64.Build.0 = Release|Any CPU
		{DC8235AF-6E32-4FF1-9E8B-7E29EE8700C6}.Release|x86.ActiveCfg = Release|Any CPU
		{DC8235AF-6E32-4FF1-9E8B-7E29EE8700C6}.Release|x86.Build.0 = Release|Any CPU
		{A47BB43F-D3B2-4EEC-830F-02DEB40D055C}.Debug|Any CPU.ActiveCfg = Debug|Any CPU
		{A47BB43F-D3B2-4EEC-830F-02DEB40D055C}.Debug|Any CPU.Build.0 = Debug|Any CPU
		{A47BB43F-D3B2-4EEC-830F-02DEB40D055C}.Debug|x64.ActiveCfg = Debug|Any CPU
		{A47BB43F-D3B2-4EEC-830F-02DEB40D055C}.Debug|x64.Build.0 = Debug|Any CPU
		{A47BB43F-D3B2-4EEC-830F-02DEB40D055C}.Debug|x86.ActiveCfg = Debug|Any CPU
		{A47BB43F-D3B2-4EEC-830F-02DEB40D055C}.Debug|x86.Build.0 = Debug|Any CPU
		{A47BB43F-D3B2-4EEC-830F-02DEB40D055C}.Release|Any CPU.ActiveCfg = Release|Any CPU
		{A47BB43F-D3B2-4EEC-830F-02DEB40D055C}.Release|Any CPU.Build.0 = Release|Any CPU
		{A47BB43F-D3B2-4EEC-830F-02DEB40D055C}.Release|x64.ActiveCfg = Release|Any CPU
		{A47BB43F-D3B2-4EEC-830F-02DEB40D055C}.Release|x64.Build.0 = Release|Any CPU
		{A47BB43F-D3B2-4EEC-830F-02DEB40D055C}.Release|x86.ActiveCfg = Release|Any CPU
		{A47BB43F-D3B2-4EEC-830F-02DEB40D055C}.Release|x86.Build.0 = Release|Any CPU
		{86D0FC63-8527-4693-B8C0-B6B98A48BFA8}.Debug|Any CPU.ActiveCfg = Debug|Any CPU
		{86D0FC63-8527-4693-B8C0-B6B98A48BFA8}.Debug|Any CPU.Build.0 = Debug|Any CPU
		{86D0FC63-8527-4693-B8C0-B6B98A48BFA8}.Debug|x64.ActiveCfg = Debug|Any CPU
		{86D0FC63-8527-4693-B8C0-B6B98A48BFA8}.Debug|x64.Build.0 = Debug|Any CPU
		{86D0FC63-8527-4693-B8C0-B6B98A48BFA8}.Debug|x86.ActiveCfg = Debug|Any CPU
		{86D0FC63-8527-4693-B8C0-B6B98A48BFA8}.Debug|x86.Build.0 = Debug|Any CPU
		{86D0FC63-8527-4693-B8C0-B6B98A48BFA8}.Release|Any CPU.ActiveCfg = Release|Any CPU
		{86D0FC63-8527-4693-B8C0-B6B98A48BFA8}.Release|Any CPU.Build.0 = Release|Any CPU
		{86D0FC63-8527-4693-B8C0-B6B98A48BFA8}.Release|x64.ActiveCfg = Release|Any CPU
		{86D0FC63-8527-4693-B8C0-B6B98A48BFA8}.Release|x64.Build.0 = Release|Any CPU
		{86D0FC63-8527-4693-B8C0-B6B98A48BFA8}.Release|x86.ActiveCfg = Release|Any CPU
		{86D0FC63-8527-4693-B8C0-B6B98A48BFA8}.Release|x86.Build.0 = Release|Any CPU
		{66C4D647-FBE7-473A-B01C-9E38997107CE}.Debug|Any CPU.ActiveCfg = Debug|Any CPU
		{66C4D647-FBE7-473A-B01C-9E38997107CE}.Debug|Any CPU.Build.0 = Debug|Any CPU
		{66C4D647-FBE7-473A-B01C-9E38997107CE}.Debug|x64.ActiveCfg = Debug|Any CPU
		{66C4D647-FBE7-473A-B01C-9E38997107CE}.Debug|x64.Build.0 = Debug|Any CPU
		{66C4D647-FBE7-473A-B01C-9E38997107CE}.Debug|x86.ActiveCfg = Debug|Any CPU
		{66C4D647-FBE7-473A-B01C-9E38997107CE}.Debug|x86.Build.0 = Debug|Any CPU
		{66C4D647-FBE7-473A-B01C-9E38997107CE}.Release|Any CPU.ActiveCfg = Release|Any CPU
		{66C4D647-FBE7-473A-B01C-9E38997107CE}.Release|Any CPU.Build.0 = Release|Any CPU
		{66C4D647-FBE7-473A-B01C-9E38997107CE}.Release|x64.ActiveCfg = Release|Any CPU
		{66C4D647-FBE7-473A-B01C-9E38997107CE}.Release|x64.Build.0 = Release|Any CPU
		{66C4D647-FBE7-473A-B01C-9E38997107CE}.Release|x86.ActiveCfg = Release|Any CPU
		{66C4D647-FBE7-473A-B01C-9E38997107CE}.Release|x86.Build.0 = Release|Any CPU
	EndGlobalSection
	GlobalSection(SolutionProperties) = preSolution
		HideSolutionNode = FALSE
	EndGlobalSection
	GlobalSection(NestedProjects) = preSolution
		{BAD2926C-BA4C-4072-B6D5-BBFF8291EDE0} = {827E0CD3-B72D-47B6-A68D-7590B98EB39B}
		{6C9D8F21-E588-47EB-BAD0-7B02DB1D0C14} = {827E0CD3-B72D-47B6-A68D-7590B98EB39B}
		{DC8235AF-6E32-4FF1-9E8B-7E29EE8700C6} = {827E0CD3-B72D-47B6-A68D-7590B98EB39B}
		{A47BB43F-D3B2-4EEC-830F-02DEB40D055C} = {827E0CD3-B72D-47B6-A68D-7590B98EB39B}
		{86D0FC63-8527-4693-B8C0-B6B98A48BFA8} = {0AB3BF05-4346-4AA6-1389-037BE0695223}
		{66C4D647-FBE7-473A-B01C-9E38997107CE} = {0AB3BF05-4346-4AA6-1389-037BE0695223}
	EndGlobalSection
	GlobalSection(ExtensibilityGlobals) = postSolution
		SolutionGuid = {BF0C6BD1-680E-4594-A2C8-C162FE28DC9A}
	EndGlobalSection
EndGlobal
